
Microsoft Visual Studio Solution File, Format Version 12.00
# Visual Studio Version 16
VisualStudioVersion = 16.0.29926.136
MinimumVisualStudioVersion = 10.0.40219.1
Project("{9A19103F-16F7-4668-BE54-9A1E7A4F7556}") = "mehdiskan.web", "mehdiskan.web\mehdiskan.web.csproj", "{F091E29A-E481-45A1-9667-CBED9ABF00EF}"
EndProject
Global
	GlobalSection(SolutionConfigurationPlatforms) = preSolution
		Debug|Any CPU = Debug|Any CPU
		Release|Any CPU = Release|Any CPU
	EndGlobalSection
	GlobalSection(ProjectConfigurationPlatforms) = postSolution
		{F091E29A-E481-45A1-9667-CBED9ABF00EF}.Debug|Any CPU.ActiveCfg = Debug|Any CPU
		{F091E29A-E481-45A1-9667-CBED9ABF00EF}.Debug|Any CPU.Build.0 = Debug|Any CPU
		{F091E29A-E481-45A1-9667-CBED9ABF00EF}.Release|Any CPU.ActiveCfg = Release|Any CPU
		{F091E29A-E481-45A1-9667-CBED9ABF00EF}.Release|Any CPU.Build.0 = Release|Any CPU
	EndGlobalSection
	GlobalSection(SolutionProperties) = preSolution
		HideSolutionNode = FALSE
	EndGlobalSection
	GlobalSection(ExtensibilityGlobals) = postSolution
		SolutionGuid = {AB3A7DF6-4326-49FC-BCBB-4D682E10449F}
	EndGlobalSection
EndGlobal
